
Microsoft Visual Studio Solution File, Format Version 12.00
# Visual Studio 2013
VisualStudioVersion = 12.0.31101.0
MinimumVisualStudioVersion = 10.0.40219.1
Project("{FAE04EC0-301F-11D3-BF4B-00C04F79EFBC}") = "Drinkable.Common", "src\Drinkable.Common\Drinkable.Common.csproj", "{176FD3CA-305A-4BA3-BCE2-6E0FBDA65D41}"
EndProject
Project("{FAE04EC0-301F-11D3-BF4B-00C04F79EFBC}") = "Drinkable.Data", "src\Drinkable.Data\Drinkable.Data.csproj", "{ACDA68B6-4878-4A0C-AB4E-E16D49A1B9DF}"
EndProject
Project("{FAE04EC0-301F-11D3-BF4B-00C04F79EFBC}") = "Drinkable.Services", "src\Drinkable.Services\Drinkable.Services.csproj", "{78A18C9A-F7B0-43A7-B876-EF73D5DD1A3A}"
EndProject
Project("{FAE04EC0-301F-11D3-BF4B-00C04F79EFBC}") = "Drinkable.Infrastructure", "src\Drinkable.Infrastructure\Drinkable.Infrastructure.csproj", "{35A86733-F83B-4A35-A526-0D614919FBD1}"
EndProject
Project("{FAE04EC0-301F-11D3-BF4B-00C04F79EFBC}") = "Drinkable.Web", "src\Drinkable.Web\Drinkable.Web.csproj", "{9821114E-F208-4F5F-82C1-AA0B4C4147EB}"
EndProject
Project("{FAE04EC0-301F-11D3-BF4B-00C04F79EFBC}") = "Drinkable.Api", "src\Drinkable.Api\Drinkable.Api.csproj", "{74DF0572-F8DB-418A-8F36-87954D2BB28C}"
EndProject
Project("{FAE04EC0-301F-11D3-BF4B-00C04F79EFBC}") = "Drinkable.Tests", "test\Drinkable.Tests\Drinkable.Tests.csproj", "{C56721D3-4DF5-4E9B-AE93-A05298DE79DB}"
EndProject
Project("{FAE04EC0-301F-11D3-BF4B-00C04F79EFBC}") = "Drinkable.Domain.Entities", "src\Drinkable.Domain.Entities\Drinkable.Domain.Entities.csproj", "{5012AF0F-6744-4AF6-B392-0E76DABEE47D}"
EndProject
Project("{FAE04EC0-301F-11D3-BF4B-00C04F79EFBC}") = "Drinkable.Domain.Repositories", "src\Drinkable.Domain.Repositories\Drinkable.Domain.Repositories.csproj", "{AD133045-6543-49A8-9DC1-A6B69CFF0B4D}"
EndProject
Project("{FAE04EC0-301F-11D3-BF4B-00C04F79EFBC}") = "Drinkable.Domain.Services", "src\Drinkable.Domain.Services\Drinkable.Domain.Services.csproj", "{AF1A07C9-4475-4588-B56E-88B9259B63CB}"
EndProject
Project("{FAE04EC0-301F-11D3-BF4B-00C04F79EFBC}") = "Drinkable.Utilities", "src\Drinkable.Utilities\Drinkable.Utilities.csproj", "{13CC2FA7-BFAA-4B03-A497-DA635F46462E}"
EndProject
Global
	GlobalSection(SolutionConfigurationPlatforms) = preSolution
		Debug|Any CPU = Debug|Any CPU
		Release|Any CPU = Release|Any CPU
	EndGlobalSection
	GlobalSection(ProjectConfigurationPlatforms) = postSolution
		{176FD3CA-305A-4BA3-BCE2-6E0FBDA65D41}.Debug|Any CPU.ActiveCfg = Debug|Any CPU
		{176FD3CA-305A-4BA3-BCE2-6E0FBDA65D41}.Debug|Any CPU.Build.0 = Debug|Any CPU
		{176FD3CA-305A-4BA3-BCE2-6E0FBDA65D41}.Release|Any CPU.ActiveCfg = Release|Any CPU
		{176FD3CA-305A-4BA3-BCE2-6E0FBDA65D41}.Release|Any CPU.Build.0 = Release|Any CPU
		{ACDA68B6-4878-4A0C-AB4E-E16D49A1B9DF}.Debug|Any CPU.ActiveCfg = Debug|Any CPU
		{ACDA68B6-4878-4A0C-AB4E-E16D49A1B9DF}.Debug|Any CPU.Build.0 = Debug|Any CPU
		{ACDA68B6-4878-4A0C-AB4E-E16D49A1B9DF}.Release|Any CPU.ActiveCfg = Release|Any CPU
		{ACDA68B6-4878-4A0C-AB4E-E16D49A1B9DF}.Release|Any CPU.Build.0 = Release|Any CPU
		{78A18C9A-F7B0-43A7-B876-EF73D5DD1A3A}.Debug|Any CPU.ActiveCfg = Debug|Any CPU
		{78A18C9A-F7B0-43A7-B876-EF73D5DD1A3A}.Debug|Any CPU.Build.0 = Debug|Any CPU
		{78A18C9A-F7B0-43A7-B876-EF73D5DD1A3A}.Release|Any CPU.ActiveCfg = Release|Any CPU
		{78A18C9A-F7B0-43A7-B876-EF73D5DD1A3A}.Release|Any CPU.Build.0 = Release|Any CPU
		{35A86733-F83B-4A35-A526-0D614919FBD1}.Debug|Any CPU.ActiveCfg = Debug|Any CPU
		{35A86733-F83B-4A35-A526-0D614919FBD1}.Debug|Any CPU.Build.0 = Debug|Any CPU
		{35A86733-F83B-4A35-A526-0D614919FBD1}.Release|Any CPU.ActiveCfg = Release|Any CPU
		{35A86733-F83B-4A35-A526-0D614919FBD1}.Release|Any CPU.Build.0 = Release|Any CPU
		{9821114E-F208-4F5F-82C1-AA0B4C4147EB}.Debug|Any CPU.ActiveCfg = Debug|Any CPU
		{9821114E-F208-4F5F-82C1-AA0B4C4147EB}.Debug|Any CPU.Build.0 = Debug|Any CPU
		{9821114E-F208-4F5F-82C1-AA0B4C4147EB}.Release|Any CPU.ActiveCfg = Release|Any CPU
		{9821114E-F208-4F5F-82C1-AA0B4C4147EB}.Release|Any CPU.Build.0 = Release|Any CPU
		{74DF0572-F8DB-418A-8F36-87954D2BB28C}.Debug|Any CPU.ActiveCfg = Debug|Any CPU
		{74DF0572-F8DB-418A-8F36-87954D2BB28C}.Debug|Any CPU.Build.0 = Debug|Any CPU
		{74DF0572-F8DB-418A-8F36-87954D2BB28C}.Release|Any CPU.ActiveCfg = Release|Any CPU
		{74DF0572-F8DB-418A-8F36-87954D2BB28C}.Release|Any CPU.Build.0 = Release|Any CPU
		{C56721D3-4DF5-4E9B-AE93-A05298DE79DB}.Debug|Any CPU.ActiveCfg = Debug|Any CPU
		{C56721D3-4DF5-4E9B-AE93-A05298DE79DB}.Debug|Any CPU.Build.0 = Debug|Any CPU
		{C56721D3-4DF5-4E9B-AE93-A05298DE79DB}.Release|Any CPU.ActiveCfg = Release|Any CPU
		{C56721D3-4DF5-4E9B-AE93-A05298DE79DB}.Release|Any CPU.Build.0 = Release|Any CPU
		{5012AF0F-6744-4AF6-B392-0E76DABEE47D}.Debug|Any CPU.ActiveCfg = Debug|Any CPU
		{5012AF0F-6744-4AF6-B392-0E76DABEE47D}.Debug|Any CPU.Build.0 = Debug|Any CPU
		{5012AF0F-6744-4AF6-B392-0E76DABEE47D}.Release|Any CPU.ActiveCfg = Release|Any CPU
		{5012AF0F-6744-4AF6-B392-0E76DABEE47D}.Release|Any CPU.Build.0 = Release|Any CPU
		{AD133045-6543-49A8-9DC1-A6B69CFF0B4D}.Debug|Any CPU.ActiveCfg = Debug|Any CPU
		{AD133045-6543-49A8-9DC1-A6B69CFF0B4D}.Debug|Any CPU.Build.0 = Debug|Any CPU
		{AD133045-6543-49A8-9DC1-A6B69CFF0B4D}.Release|Any CPU.ActiveCfg = Release|Any CPU
		{AD133045-6543-49A8-9DC1-A6B69CFF0B4D}.Release|Any CPU.Build.0 = Release|Any CPU
		{AF1A07C9-4475-4588-B56E-88B9259B63CB}.Debug|Any CPU.ActiveCfg = Debug|Any CPU
		{AF1A07C9-4475-4588-B56E-88B9259B63CB}.Debug|Any CPU.Build.0 = Debug|Any CPU
		{AF1A07C9-4475-4588-B56E-88B9259B63CB}.Release|Any CPU.ActiveCfg = Release|Any CPU
		{AF1A07C9-4475-4588-B56E-88B9259B63CB}.Release|Any CPU.Build.0 = Release|Any CPU
		{13CC2FA7-BFAA-4B03-A497-DA635F46462E}.Debug|Any CPU.ActiveCfg = Debug|Any CPU
		{13CC2FA7-BFAA-4B03-A497-DA635F46462E}.Debug|Any CPU.Build.0 = Debug|Any CPU
		{13CC2FA7-BFAA-4B03-A497-DA635F46462E}.Release|Any CPU.ActiveCfg = Release|Any CPU
		{13CC2FA7-BFAA-4B03-A497-DA635F46462E}.Release|Any CPU.Build.0 = Release|Any CPU
	EndGlobalSection
	GlobalSection(SolutionProperties) = preSolution
		HideSolutionNode = FALSE
	EndGlobalSection
EndGlobal
