
Microsoft Visual Studio Solution File, Format Version 12.00
# Visual Studio 2013
VisualStudioVersion = 12.0.31101.0
MinimumVisualStudioVersion = 10.0.40219.1
Project("{FAE04EC0-301F-11D3-BF4B-00C04F79EFBC}") = "Drinkable.Common", "src\Drinkable.Common\Drinkable.Common.csproj", "{176FD3CA-305A-4BA3-BCE2-6E0FBDA65D41}"
EndProject
Project("{FAE04EC0-301F-11D3-BF4B-00C04F79EFBC}") = "Drinkable.Core", "src\Drinkable.Core\Drinkable.Core.csproj", "{90C13529-74A4-4F57-B2FD-22C07651A348}"
EndProject
Project("{FAE04EC0-301F-11D3-BF4B-00C04F79EFBC}") = "Drinkable.Contracts", "src\Drinkable.Contracts\Drinkable.Contracts.csproj", "{78D34A14-9E99-407E-8D28-3B72A035FE47}"
EndProject
Project("{FAE04EC0-301F-11D3-BF4B-00C04F79EFBC}") = "Drinkable.Data", "src\Drinkable.Data\Drinkable.Data.csproj", "{ACDA68B6-4878-4A0C-AB4E-E16D49A1B9DF}"
EndProject
Project("{FAE04EC0-301F-11D3-BF4B-00C04F79EFBC}") = "Drinkable.Models", "src\Drinkable.Models\Drinkable.Models.csproj", "{E9DE25D8-2107-45A4-B951-07139C15AF33}"
EndProject
Project("{FAE04EC0-301F-11D3-BF4B-00C04F79EFBC}") = "Drinkable.Services", "src\Drinkable.Services\Drinkable.Services.csproj", "{78A18C9A-F7B0-43A7-B876-EF73D5DD1A3A}"
EndProject
Project("{FAE04EC0-301F-11D3-BF4B-00C04F79EFBC}") = "Drinkable.Infrastructure", "src\Drinkable.Infrastructure\Drinkable.Infrastructure.csproj", "{35A86733-F83B-4A35-A526-0D614919FBD1}"
EndProject
Project("{FAE04EC0-301F-11D3-BF4B-00C04F79EFBC}") = "Drinkable.Web", "src\Drinkable.Web\Drinkable.Web.csproj", "{9821114E-F208-4F5F-82C1-AA0B4C4147EB}"
EndProject
Project("{FAE04EC0-301F-11D3-BF4B-00C04F79EFBC}") = "Drinkable.Api", "src\Drinkable.Api\Drinkable.Api.csproj", "{74DF0572-F8DB-418A-8F36-87954D2BB28C}"
EndProject
Global
	GlobalSection(SolutionConfigurationPlatforms) = preSolution
		Debug|Any CPU = Debug|Any CPU
		Release|Any CPU = Release|Any CPU
	EndGlobalSection
	GlobalSection(ProjectConfigurationPlatforms) = postSolution
		{176FD3CA-305A-4BA3-BCE2-6E0FBDA65D41}.Debug|Any CPU.ActiveCfg = Debug|Any CPU
		{176FD3CA-305A-4BA3-BCE2-6E0FBDA65D41}.Debug|Any CPU.Build.0 = Debug|Any CPU
		{176FD3CA-305A-4BA3-BCE2-6E0FBDA65D41}.Release|Any CPU.ActiveCfg = Release|Any CPU
		{176FD3CA-305A-4BA3-BCE2-6E0FBDA65D41}.Release|Any CPU.Build.0 = Release|Any CPU
		{90C13529-74A4-4F57-B2FD-22C07651A348}.Debug|Any CPU.ActiveCfg = Debug|Any CPU
		{90C13529-74A4-4F57-B2FD-22C07651A348}.Debug|Any CPU.Build.0 = Debug|Any CPU
		{90C13529-74A4-4F57-B2FD-22C07651A348}.Release|Any CPU.ActiveCfg = Release|Any CPU
		{90C13529-74A4-4F57-B2FD-22C07651A348}.Release|Any CPU.Build.0 = Release|Any CPU
		{78D34A14-9E99-407E-8D28-3B72A035FE47}.Debug|Any CPU.ActiveCfg = Debug|Any CPU
		{78D34A14-9E99-407E-8D28-3B72A035FE47}.Debug|Any CPU.Build.0 = Debug|Any CPU
		{78D34A14-9E99-407E-8D28-3B72A035FE47}.Release|Any CPU.ActiveCfg = Release|Any CPU
		{78D34A14-9E99-407E-8D28-3B72A035FE47}.Release|Any CPU.Build.0 = Release|Any CPU
		{ACDA68B6-4878-4A0C-AB4E-E16D49A1B9DF}.Debug|Any CPU.ActiveCfg = Debug|Any CPU
		{ACDA68B6-4878-4A0C-AB4E-E16D49A1B9DF}.Debug|Any CPU.Build.0 = Debug|Any CPU
		{ACDA68B6-4878-4A0C-AB4E-E16D49A1B9DF}.Release|Any CPU.ActiveCfg = Release|Any CPU
		{ACDA68B6-4878-4A0C-AB4E-E16D49A1B9DF}.Release|Any CPU.Build.0 = Release|Any CPU
		{E9DE25D8-2107-45A4-B951-07139C15AF33}.Debug|Any CPU.ActiveCfg = Debug|Any CPU
		{E9DE25D8-2107-45A4-B951-07139C15AF33}.Debug|Any CPU.Build.0 = Debug|Any CPU
		{E9DE25D8-2107-45A4-B951-07139C15AF33}.Release|Any CPU.ActiveCfg = Release|Any CPU
		{E9DE25D8-2107-45A4-B951-07139C15AF33}.Release|Any CPU.Build.0 = Release|Any CPU
		{78A18C9A-F7B0-43A7-B876-EF73D5DD1A3A}.Debug|Any CPU.ActiveCfg = Debug|Any CPU
		{78A18C9A-F7B0-43A7-B876-EF73D5DD1A3A}.Debug|Any CPU.Build.0 = Debug|Any CPU
		{78A18C9A-F7B0-43A7-B876-EF73D5DD1A3A}.Release|Any CPU.ActiveCfg = Release|Any CPU
		{78A18C9A-F7B0-43A7-B876-EF73D5DD1A3A}.Release|Any CPU.Build.0 = Release|Any CPU
		{35A86733-F83B-4A35-A526-0D614919FBD1}.Debug|Any CPU.ActiveCfg = Debug|Any CPU
		{35A86733-F83B-4A35-A526-0D614919FBD1}.Debug|Any CPU.Build.0 = Debug|Any CPU
		{35A86733-F83B-4A35-A526-0D614919FBD1}.Release|Any CPU.ActiveCfg = Release|Any CPU
		{35A86733-F83B-4A35-A526-0D614919FBD1}.Release|Any CPU.Build.0 = Release|Any CPU
		{9821114E-F208-4F5F-82C1-AA0B4C4147EB}.Debug|Any CPU.ActiveCfg = Debug|Any CPU
		{9821114E-F208-4F5F-82C1-AA0B4C4147EB}.Debug|Any CPU.Build.0 = Debug|Any CPU
		{9821114E-F208-4F5F-82C1-AA0B4C4147EB}.Release|Any CPU.ActiveCfg = Release|Any CPU
		{9821114E-F208-4F5F-82C1-AA0B4C4147EB}.Release|Any CPU.Build.0 = Release|Any CPU
		{74DF0572-F8DB-418A-8F36-87954D2BB28C}.Debug|Any CPU.ActiveCfg = Debug|Any CPU
		{74DF0572-F8DB-418A-8F36-87954D2BB28C}.Debug|Any CPU.Build.0 = Debug|Any CPU
		{74DF0572-F8DB-418A-8F36-87954D2BB28C}.Release|Any CPU.ActiveCfg = Release|Any CPU
		{74DF0572-F8DB-418A-8F36-87954D2BB28C}.Release|Any CPU.Build.0 = Release|Any CPU
	EndGlobalSection
	GlobalSection(SolutionProperties) = preSolution
		HideSolutionNode = FALSE
	EndGlobalSection
EndGlobal
